
Microsoft Visual Studio Solution File, Format Version 12.00
Project("{FAE04EC0-301F-11D3-BF4B-00C04F79EFBC}") = "Mocksanity", "Mocksanity/Mocksanity.csproj", "{8550747B-77DE-44DA-AC91-016FE47B0AE1}"
EndProject
Project("{FAE04EC0-301F-11D3-BF4B-00C04F79EFBC}") = "Mocksanity.Tests", "Mocksanity.Tests\Mocksanity.Tests.csproj", "{68CD68EB-B0C6-4914-88D9-B12AC047A5CD}"
EndProject
Global
	GlobalSection(SolutionConfigurationPlatforms) = preSolution
		Debug|Any CPU = Debug|Any CPU
		Release|Any CPU = Release|Any CPU
	EndGlobalSection
	GlobalSection(ProjectConfigurationPlatforms) = postSolution
		{8550747B-77DE-44DA-AC91-016FE47B0AE1}.Debug|Any CPU.ActiveCfg = Debug|Any CPU
		{8550747B-77DE-44DA-AC91-016FE47B0AE1}.Debug|Any CPU.Build.0 = Debug|Any CPU
		{8550747B-77DE-44DA-AC91-016FE47B0AE1}.Release|Any CPU.ActiveCfg = Release|Any CPU
		{8550747B-77DE-44DA-AC91-016FE47B0AE1}.Release|Any CPU.Build.0 = Release|Any CPU
		{68CD68EB-B0C6-4914-88D9-B12AC047A5CD}.Debug|Any CPU.ActiveCfg = Debug|Any CPU
		{68CD68EB-B0C6-4914-88D9-B12AC047A5CD}.Debug|Any CPU.Build.0 = Debug|Any CPU
		{68CD68EB-B0C6-4914-88D9-B12AC047A5CD}.Release|Any CPU.ActiveCfg = Release|Any CPU
		{68CD68EB-B0C6-4914-88D9-B12AC047A5CD}.Release|Any CPU.Build.0 = Release|Any CPU
	EndGlobalSection
EndGlobal
